
Microsoft Visual Studio Solution File, Format Version 12.00
# Visual Studio 2012
Project("{FAE04EC0-301F-11D3-BF4B-00C04F79EFBC}") = "Game", "Game_class\Game.csproj", "{B2513169-987B-42E8-AF45-AC4EE76E0FCA}"
EndProject
Project("{FAE04EC0-301F-11D3-BF4B-00C04F79EFBC}") = "Game Gui", "Game Gui\Game Gui.csproj", "{F4F55DA3-7BE2-4A9C-983F-BF51CF497965}"
EndProject
Global
	GlobalSection(SolutionConfigurationPlatforms) = preSolution
		Debug|Any CPU = Debug|Any CPU
		Release|Any CPU = Release|Any CPU
	EndGlobalSection
	GlobalSection(ProjectConfigurationPlatforms) = postSolution
		{B2513169-987B-42E8-AF45-AC4EE76E0FCA}.Debug|Any CPU.ActiveCfg = Debug|Any CPU
		{B2513169-987B-42E8-AF45-AC4EE76E0FCA}.Debug|Any CPU.Build.0 = Debug|Any CPU
		{B2513169-987B-42E8-AF45-AC4EE76E0FCA}.Release|Any CPU.ActiveCfg = Release|Any CPU
		{B2513169-987B-42E8-AF45-AC4EE76E0FCA}.Release|Any CPU.Build.0 = Release|Any CPU
		{F4F55DA3-7BE2-4A9C-983F-BF51CF497965}.Debug|Any CPU.ActiveCfg = Debug|Any CPU
		{F4F55DA3-7BE2-4A9C-983F-BF51CF497965}.Debug|Any CPU.Build.0 = Debug|Any CPU
		{F4F55DA3-7BE2-4A9C-983F-BF51CF497965}.Debug|Any CPU.Deploy.0 = Debug|Any CPU
		{F4F55DA3-7BE2-4A9C-983F-BF51CF497965}.Release|Any CPU.ActiveCfg = Release|Any CPU
		{F4F55DA3-7BE2-4A9C-983F-BF51CF497965}.Release|Any CPU.Build.0 = Release|Any CPU
	EndGlobalSection
	GlobalSection(SolutionProperties) = preSolution
		HideSolutionNode = FALSE
	EndGlobalSection
EndGlobal
