
Microsoft Visual Studio Solution File, Format Version 12.00
# Visual Studio 2013
VisualStudioVersion = 12.0.21005.1
MinimumVisualStudioVersion = 10.0.40219.1
Project("{FAE04EC0-301F-11D3-BF4B-00C04F79EFBC}") = "Movie_rentals", "customer\Movie_rentals.csproj", "{272ECEB0-0910-4324-895D-47F43FF299D1}"
EndProject
Project("{FAE04EC0-301F-11D3-BF4B-00C04F79EFBC}") = "Movie_rentals_tests", "Movie_rentals_tests\Movie_rentals_tests.csproj", "{FB0B129B-F030-4BBB-91EE-1CE9583DB110}"
EndProject
Project("{FAE04EC0-301F-11D3-BF4B-00C04F79EFBC}") = "MovieRentalGUI", "MovieRentalGUI\MovieRentalGUI.csproj", "{02940593-AC5F-4E4A-8AE4-FFDD5BCD6193}"
EndProject
Project("{FAE04EC0-301F-11D3-BF4B-00C04F79EFBC}") = "FileReader", "FileReader\FileReader.csproj", "{29345EDD-9E27-44B6-8483-862ABE98A595}"
EndProject
Global
	GlobalSection(SolutionConfigurationPlatforms) = preSolution
		Debug|Any CPU = Debug|Any CPU
		Release|Any CPU = Release|Any CPU
	EndGlobalSection
	GlobalSection(ProjectConfigurationPlatforms) = postSolution
		{272ECEB0-0910-4324-895D-47F43FF299D1}.Debug|Any CPU.ActiveCfg = Debug|Any CPU
		{272ECEB0-0910-4324-895D-47F43FF299D1}.Debug|Any CPU.Build.0 = Debug|Any CPU
		{272ECEB0-0910-4324-895D-47F43FF299D1}.Release|Any CPU.ActiveCfg = Release|Any CPU
		{272ECEB0-0910-4324-895D-47F43FF299D1}.Release|Any CPU.Build.0 = Release|Any CPU
		{FB0B129B-F030-4BBB-91EE-1CE9583DB110}.Debug|Any CPU.ActiveCfg = Debug|Any CPU
		{FB0B129B-F030-4BBB-91EE-1CE9583DB110}.Debug|Any CPU.Build.0 = Debug|Any CPU
		{FB0B129B-F030-4BBB-91EE-1CE9583DB110}.Release|Any CPU.ActiveCfg = Release|Any CPU
		{FB0B129B-F030-4BBB-91EE-1CE9583DB110}.Release|Any CPU.Build.0 = Release|Any CPU
		{02940593-AC5F-4E4A-8AE4-FFDD5BCD6193}.Debug|Any CPU.ActiveCfg = Debug|Any CPU
		{02940593-AC5F-4E4A-8AE4-FFDD5BCD6193}.Debug|Any CPU.Build.0 = Debug|Any CPU
		{02940593-AC5F-4E4A-8AE4-FFDD5BCD6193}.Release|Any CPU.ActiveCfg = Release|Any CPU
		{02940593-AC5F-4E4A-8AE4-FFDD5BCD6193}.Release|Any CPU.Build.0 = Release|Any CPU
		{29345EDD-9E27-44B6-8483-862ABE98A595}.Debug|Any CPU.ActiveCfg = Debug|Any CPU
		{29345EDD-9E27-44B6-8483-862ABE98A595}.Debug|Any CPU.Build.0 = Debug|Any CPU
		{29345EDD-9E27-44B6-8483-862ABE98A595}.Release|Any CPU.ActiveCfg = Release|Any CPU
		{29345EDD-9E27-44B6-8483-862ABE98A595}.Release|Any CPU.Build.0 = Release|Any CPU
	EndGlobalSection
	GlobalSection(SolutionProperties) = preSolution
		HideSolutionNode = FALSE
	EndGlobalSection
EndGlobal
